
Microsoft Visual Studio Solution File, Format Version 12.00
# Visual Studio Version 17
VisualStudioVersion = 17.14.36414.22 d17.14
MinimumVisualStudioVersion = 10.0.40219.1
Project("{FAE04EC0-301F-11D3-BF4B-00C04F79EFBC}") = "ipm-backend-api", "ipm-backend-api\ipm-backend-api.csproj", "{09B90D9C-874A-4517-8DA5-A0E18F8FE3F8}"
EndProject
Global
	GlobalSection(SolutionConfigurationPlatforms) = preSolution
		Debug|Any CPU = Debug|Any CPU
		Release|Any CPU = Release|Any CPU
	EndGlobalSection
	GlobalSection(ProjectConfigurationPlatforms) = postSolution
		{09B90D9C-874A-4517-8DA5-A0E18F8FE3F8}.Debug|Any CPU.ActiveCfg = Debug|Any CPU
		{09B90D9C-874A-4517-8DA5-A0E18F8FE3F8}.Debug|Any CPU.Build.0 = Debug|Any CPU
		{09B90D9C-874A-4517-8DA5-A0E18F8FE3F8}.Release|Any CPU.ActiveCfg = Release|Any CPU
		{09B90D9C-874A-4517-8DA5-A0E18F8FE3F8}.Release|Any CPU.Build.0 = Release|Any CPU
	EndGlobalSection
	GlobalSection(SolutionProperties) = preSolution
		HideSolutionNode = FALSE
	EndGlobalSection
	GlobalSection(ExtensibilityGlobals) = postSolution
		SolutionGuid = {F3F31A3D-55E9-4851-A8F7-984E422A44E8}
	EndGlobalSection
EndGlobal
